
Microsoft Visual Studio Solution File, Format Version 12.00
# Visual Studio Version 17
VisualStudioVersion = 17.2.32616.157
MinimumVisualStudioVersion = 10.0.40219.1
Project("{FAE04EC0-301F-11D3-BF4B-00C04F79EFBC}") = "hangfire.api", "hangfire.api\hangfire.api.csproj", "{BFB4A0AE-C05B-4FD6-BB00-362B92FDA5AA}"
EndProject
Global
	GlobalSection(SolutionConfigurationPlatforms) = preSolution
		Debug|Any CPU = Debug|Any CPU
		Release|Any CPU = Release|Any CPU
	EndGlobalSection
	GlobalSection(ProjectConfigurationPlatforms) = postSolution
		{BFB4A0AE-C05B-4FD6-BB00-362B92FDA5AA}.Debug|Any CPU.ActiveCfg = Debug|Any CPU
		{BFB4A0AE-C05B-4FD6-BB00-362B92FDA5AA}.Debug|Any CPU.Build.0 = Debug|Any CPU
		{BFB4A0AE-C05B-4FD6-BB00-362B92FDA5AA}.Release|Any CPU.ActiveCfg = Release|Any CPU
		{BFB4A0AE-C05B-4FD6-BB00-362B92FDA5AA}.Release|Any CPU.Build.0 = Release|Any CPU
	EndGlobalSection
	GlobalSection(SolutionProperties) = preSolution
		HideSolutionNode = FALSE
	EndGlobalSection
	GlobalSection(ExtensibilityGlobals) = postSolution
		SolutionGuid = {35F111EF-4630-41AB-BB84-F91F1878117C}
	EndGlobalSection
EndGlobal
